
Microsoft Visual Studio Solution File, Format Version 12.00
# Visual Studio Version 16
VisualStudioVersion = 16.0.30804.86
MinimumVisualStudioVersion = 10.0.40219.1
Project("{FAE04EC0-301F-11D3-BF4B-00C04F79EFBC}") = "HelloWorld", "HelloWorld\HelloWorld.csproj", "{91CA1A76-39BF-44FD-AF52-F2F158A6DC9A}"
EndProject
Global
	GlobalSection(SolutionConfigurationPlatforms) = preSolution
		Debug|Any CPU = Debug|Any CPU
		Release|Any CPU = Release|Any CPU
	EndGlobalSection
	GlobalSection(ProjectConfigurationPlatforms) = postSolution
		{91CA1A76-39BF-44FD-AF52-F2F158A6DC9A}.Debug|Any CPU.ActiveCfg = Debug|Any CPU
		{91CA1A76-39BF-44FD-AF52-F2F158A6DC9A}.Debug|Any CPU.Build.0 = Debug|Any CPU
		{91CA1A76-39BF-44FD-AF52-F2F158A6DC9A}.Release|Any CPU.ActiveCfg = Release|Any CPU
		{91CA1A76-39BF-44FD-AF52-F2F158A6DC9A}.Release|Any CPU.Build.0 = Release|Any CPU
	EndGlobalSection
	GlobalSection(SolutionProperties) = preSolution
		HideSolutionNode = FALSE
	EndGlobalSection
	GlobalSection(ExtensibilityGlobals) = postSolution
		SolutionGuid = {C499DEC5-C73D-4409-8C60-BD9C435B5F2E}
	EndGlobalSection
EndGlobal
